
Microsoft Visual Studio Solution File, Format Version 12.00
# Visual Studio Version 17
VisualStudioVersion = 17.11.35208.52
MinimumVisualStudioVersion = 10.0.40219.1
Project("{FAE04EC0-301F-11D3-BF4B-00C04F79EFBC}") = "DiceGame", "DiceGame.csproj", "{728550F3-AA81-458A-9DBE-677394C121A7}"
EndProject
Global
	GlobalSection(SolutionConfigurationPlatforms) = preSolution
		Debug|Any CPU = Debug|Any CPU
		Release|Any CPU = Release|Any CPU
	EndGlobalSection
	GlobalSection(ProjectConfigurationPlatforms) = postSolution
		{728550F3-AA81-458A-9DBE-677394C121A7}.Debug|Any CPU.ActiveCfg = Debug|Any CPU
		{728550F3-AA81-458A-9DBE-677394C121A7}.Debug|Any CPU.Build.0 = Debug|Any CPU
		{728550F3-AA81-458A-9DBE-677394C121A7}.Release|Any CPU.ActiveCfg = Release|Any CPU
		{728550F3-AA81-458A-9DBE-677394C121A7}.Release|Any CPU.Build.0 = Release|Any CPU
	EndGlobalSection
	GlobalSection(SolutionProperties) = preSolution
		HideSolutionNode = FALSE
	EndGlobalSection
	GlobalSection(ExtensibilityGlobals) = postSolution
		SolutionGuid = {14389833-5BD0-4821-9F1E-E9246F8D6262}
	EndGlobalSection
EndGlobal
